{
  "requires": true,
  "lockfileVersion": 1,
  "dependencies": {
    "original-fs": {
      "version": "1.1.0",
      "resolved": "https://registry.npmjs.org/original-fs/-/original-fs-1.1.0.tgz",
      "integrity": "sha512-LhW6DNoXdp8oo+Wv6N/QcxNrX/lE8McIySZ1O7llfJut4qA1Sfoy8BjHHWD6lHQMEdoFL+fosGK/DJSkQ5CP2g=="
    }
  }
}
